abstraction-facade 737854dba6f129773d433928bb8d73bca399b48d
abstraction-identity 4bab15f46a8ac89c9359919a9dae8fc274bd8b2c
abstraction-job 0c5fe0c03af51291653e2224a563774870d23da3
abstraction-logging 270e8415da6cc685bbeb1b8f52fb3a85427c97ce
abstraction-config dfecf7714f5787a0c1e54dfb303a1e73d308798b
abstraction-router c44ea2306b4492f7835425dee4d3ffca629f683e
