# This file is automatically @generated by Cargo.
# It is not intended for manual editing.
version = 4

[[package]]
name = "abstraction-facade-service"
version = "0.0.0"
dependencies = [
 "abstraction-frame",
]

[[package]]
name = "abstraction-facade-storage"
version = "0.0.0"
dependencies = [
 "abstraction-facade-service",
 "abstraction-storage-content-api",
]

[[package]]
name = "abstraction-frame"
version = "0.0.0"

[[package]]
name = "abstraction-storage-content-api"
version = "0.0.0"
dependencies = [
 "abstraction-frame",
]
