# This file is automatically @generated by Cargo.
# It is not intended for manual editing.
version = 4

[[package]]
name = "abstraction-download-request-api"
version = "0.0.0"

[[package]]
name = "abstraction-facade-model"
version = "0.0.0"
dependencies = [
 "abstraction-download-request-api",
 "abstraction-facade-service",
 "abstraction-model-api",
]

[[package]]
name = "abstraction-facade-service"
version = "0.0.0"
dependencies = [
 "abstraction-frame",
]

[[package]]
name = "abstraction-frame"
version = "0.0.0"

[[package]]
name = "abstraction-model-api"
version = "0.0.0"
dependencies = [
 "abstraction-download-request-api",
 "abstraction-frame",
]
